{
  "object": {
    "pins": [
      {
        "package": "DGPExtensionCore",
        "repositoryURL": "https://daniel_ios@bitbucket.org/daniel_ios/dgpextensioncore.git",
        "state": {
          "branch": "master",
          "revision": "4d20934591151ba9a22e1ff8b4b4c61455d4f8cd",
          "version": null
        }
      }
    ]
  },
  "version": 1
}
