{
  "object": {
    "pins": [
      {
        "package": "DGPExtensionCore",
        "repositoryURL": "https://daniel_ios@bitbucket.org/daniel_ios/dgpextensioncore.git",
        "state": {
          "branch": null,
          "revision": "ae6b9fe2adc5af186c1c2ea2a9848a5a897ba6a4",
          "version": "0.1.7"
        }
      }
    ]
  },
  "version": 1
}
